// !$*UTF8*$!
{
	archiveVersion = 1;
	classes = {
	};
	objectVersion = 50;
	objects = {

/* Begin PBXBuildFile section */
		68C4815E0B7D8DBF0E36B51E /* Pods_AlamofireHTTP_Json_web_api.framework in Frameworks */ = {isa = PBXBuildFile; fileRef = B68778338AEEA2AB58AE19DD /* Pods_AlamofireHTTP_Json_web_api.framework */; };
		F5FD375C22AE71E70034059F /* AppDelegate.swift in Sources */ = {isa = PBXBuildFile; fileRef = F5FD375B22AE71E70034059F /* AppDelegate.swift */; };
		F5FD375E22AE71E70034059F /* ViewController.swift in Sources */ = {isa = PBXBuildFile; fileRef = F5FD375D22AE71E70034059F /* ViewController.swift */; };
		F5FD376122AE71E70034059F /* Main.storyboard in Resources */ = {isa = PBXBuildFile; fileRef = F5FD375F22AE71E70034059F /* Main.storyboard */; };
		F5FD376322AE71E90034059F /* Assets.xcassets in Resources */ = {isa = PBXBuildFile; fileRef = F5FD376222AE71E90034059F /* Assets.xcassets */; };
		F5FD376622AE71E90034059F /* LaunchScreen.storyboard in Resources */ = {isa = PBXBuildFile; fileRef = F5FD376422AE71E90034059F /* LaunchScreen.storyboard */; };
/* End PBXBuildFile section */

/* Begin PBXFileReference section */
		1D76097A706BD19BC91A790D /* Pods-AlamofireHTTP Json web api.release.xcconfig */ = {isa = PBXFileReference; includeInIndex = 1; lastKnownFileType = text.xcconfig; name = "Pods-AlamofireHTTP Json web api.release.xcconfig"; path = "Target Support Files/Pods-AlamofireHTTP Json web api/Pods-AlamofireHTTP Json web api.release.xcconfig"; sourceTree = "<group>"; };
		B68778338AEEA2AB58AE19DD /* Pods_AlamofireHTTP_Json_web_api.framework */ = {isa = PBXFileReference; explicitFileType = wrapper.framework; includeInIndex = 0; path = Pods_AlamofireHTTP_Json_web_api.framework; sourceTree = BUILT_PRODUCTS_DIR; };
		F5FD375822AE71E70034059F /* AlamofireHTTP Json web api.app */ = {isa = PBXFileReference; explicitFileType = wrapper.application; includeInIndex = 0; path = "AlamofireHTTP Json web api.app"; sourceTree = BUILT_PRODUCTS_DIR; };
		F5FD375B22AE71E70034059F /* AppDelegate.swift */ = {isa = PBXFileReference; lastKnownFileType = sourcecode.swift; path = AppDelegate.swift; sourceTree = "<group>"; };
		F5FD375D22AE71E70034059F /* ViewController.swift */ = {isa = PBXFileReference; lastKnownFileType = sourcecode.swift; path = ViewController.swift; sourceTree = "<group>"; };
		F5FD376022AE71E70034059F /* Base */ = {isa = PBXFileReference; lastKnownFileType = file.storyboard; name = Base; path = Base.lproj/Main.storyboard; sourceTree = "<group>"; };
		F5FD376222AE71E90034059F /* Assets.xcassets */ = {isa = PBXFileReference; lastKnownFileType = folder.assetcatalog; path = Assets.xcassets; sourceTree = "<group>"; };
		F5FD376522AE71E90034059F /* Base */ = {isa = PBXFileReference; lastKnownFileType = file.storyboard; name = Base; path = Base.lproj/LaunchScreen.storyboard; sourceTree = "<group>"; };
		F5FD376722AE71E90034059F /* Info.plist */ = {isa = PBXFileReference; lastKnownFileType = text.plist.xml; path = Info.plist; sourceTree = "<group>"; };
		FD8A00CD6A50A8CD92CDC019 /* Pods-AlamofireHTTP Json web api.debug.xcconfig */ = {isa = PBXFileReference; includeInIndex = 1; lastKnownFileType = text.xcconfig; name = "Pods-AlamofireHTTP Json web api.debug.xcconfig"; path = "Target Support Files/Pods-AlamofireHTTP Json web api/Pods-AlamofireHTTP Json web api.debug.xcconfig"; sourceTree = "<group>"; };
/* End PBXFileReference section */

/* Begin PBXFrameworksBuildPhase section */
		F5FD375522AE71E70034059F /* Frameworks */ = {
			isa = PBXFrameworksBuildPhase;
			buildActionMask = 2147483647;
			files = (
				68C4815E0B7D8DBF0E36B51E /* Pods_AlamofireHTTP_Json_web_api.framework in Frameworks */,
			);
			runOnlyForDeploymentPostprocessing = 0;
		};
/* End PBXFrameworksBuildPhase section */

/* Begin PBXGroup section */
		2E67573924F012F55583FEFB /* Pods */ = {
			isa = PBXGroup;
			children = (
				FD8A00CD6A50A8CD92CDC019 /* Pods-AlamofireHTTP Json web api.debug.xcconfig */,
				1D76097A706BD19BC91A790D /* Pods-AlamofireHTTP Json web api.release.xcconfig */,
			);
			name = Pods;
			path = Pods;
			sourceTree = "<group>";
		};
		C22A125EAC260BCA5621AC70 /* Frameworks */ = {
			isa = PBXGroup;
			children = (
				B68778338AEEA2AB58AE19DD /* Pods_AlamofireHTTP_Json_web_api.framework */,
			);
			name = Frameworks;
			sourceTree = "<group>";
		};
		F5FD374F22AE71E70034059F = {
			isa = PBXGroup;
			children = (
				F5FD375A22AE71E70034059F /* AlamofireHTTP Json web api */,
				F5FD375922AE71E70034059F /* Products */,
				2E67573924F012F55583FEFB /* Pods */,
				C22A125EAC260BCA5621AC70 /* Frameworks */,
			);
			sourceTree = "<group>";
		};
		F5FD375922AE71E70034059F /* Products */ = {
			isa = PBXGroup;
			children = (
				F5FD375822AE71E70034059F /* AlamofireHTTP Json web api.app */,
			);
			name = Products;
			sourceTree = "<group>";
		};
		F5FD375A22AE71E70034059F /* AlamofireHTTP Json web api */ = {
			isa = PBXGroup;
			children = (
				F5FD375B22AE71E70034059F /* AppDelegate.swift */,
				F5FD375D22AE71E70034059F /* ViewController.swift */,
				F5FD375F22AE71E70034059F /* Main.storyboard */,
				F5FD376222AE71E90034059F /* Assets.xcassets */,
				F5FD376422AE71E90034059F /* LaunchScreen.storyboard */,
				F5FD376722AE71E90034059F /* Info.plist */,
			);
			path = "AlamofireHTTP Json web api";
			sourceTree = "<group>";
		};
/* End PBXGroup section */

/* Begin PBXNativeTarget section */
		F5FD375722AE71E70034059F /* AlamofireHTTP Json web api */ = {
			isa = PBXNativeTarget;
			buildConfigurationList = F5FD376A22AE71E90034059F /* Build configuration list for PBXNativeTarget "AlamofireHTTP Json web api" */;
			buildPhases = (
				13009B3D48D781ED83834B74 /* [CP] Check Pods Manifest.lock */,
				F5FD375422AE71E70034059F /* Sources */,
				F5FD375522AE71E70034059F /* Frameworks */,
				F5FD375622AE71E70034059F /* Resources */,
				18BAE5115D71517AE9104C56 /* [CP] Embed Pods Frameworks */,
			);
			buildRules = (
			);
			dependencies = (
			);
			name = "AlamofireHTTP Json web api";
			productName = "AlamofireHTTP Json web api";
			productReference = F5FD375822AE71E70034059F /* AlamofireHTTP Json web api.app */;
			productType = "com.apple.product-type.application";
		};
/* End PBXNativeTarget section */

/* Begin PBXProject section */
		F5FD375022AE71E70034059F /* Project object */ = {
			isa = PBXProject;
			attributes = {
				LastSwiftUpdateCheck = 1020;
				LastUpgradeCheck = 1020;
				ORGANIZATIONNAME = "Nguyen Tran";
				TargetAttributes = {
					F5FD375722AE71E70034059F = {
						CreatedOnToolsVersion = 10.2.1;
					};
				};
			};
			buildConfigurationList = F5FD375322AE71E70034059F /* Build configuration list for PBXProject "AlamofireHTTP Json web api" */;
			compatibilityVersion = "Xcode 9.3";
			developmentRegion = en;
			hasScannedForEncodings = 0;
			knownRegions = (
				en,
				Base,
			);
			mainGroup = F5FD374F22AE71E70034059F;
			productRefGroup = F5FD375922AE71E70034059F /* Products */;
			projectDirPath = "";
			projectRoot = "";
			targets = (
				F5FD375722AE71E70034059F /* AlamofireHTTP Json web api */,
			);
		};
/* End PBXProject section */

/* Begin PBXResourcesBuildPhase section */
		F5FD375622AE71E70034059F /* Resources */ = {
			isa = PBXResourcesBuildPhase;
			buildActionMask = 2147483647;
			files = (
				F5FD376622AE71E90034059F /* LaunchScreen.storyboard in Resources */,
				F5FD376322AE71E90034059F /* Assets.xcassets in Resources */,
				F5FD376122AE71E70034059F /* Main.storyboard in Resources */,
			);
			runOnlyForDeploymentPostprocessing = 0;
		};
/* End PBXResourcesBuildPhase section */

/* Begin PBXShellScriptBuildPhase section */
		13009B3D48D781ED83834B74 /* [CP] Check Pods Manifest.lock */ = {
			isa = PBXShellScriptBuildPhase;
			buildActionMask = 2147483647;
			files = (
			);
			inputFileListPaths = (
			);
			inputPaths = (
				"${PODS_PODFILE_DIR_PATH}/Podfile.lock",
				"${PODS_ROOT}/Manifest.lock",
			);
			name = "[CP] Check Pods Manifest.lock";
			outputFileListPaths = (
			);
			outputPaths = (
				"$(DERIVED_FILE_DIR)/Pods-AlamofireHTTP Json web api-checkManifestLockResult.txt",
			);
			runOnlyForDeploymentPostprocessing = 0;
			shellPath = /bin/sh;
			shellScript = "diff \"${PODS_PODFILE_DIR_PATH}/Podfile.lock\" \"${PODS_ROOT}/Manifest.lock\" > /dev/null\nif [ $? != 0 ] ; then\n    # print error to STDERR\n    echo \"error: The sandbox is not in sync with the Podfile.lock. Run 'pod install' or update your CocoaPods installation.\" >&2\n    exit 1\nfi\n# This output is used by Xcode 'outputs' to avoid re-running this script phase.\necho \"SUCCESS\" > \"${SCRIPT_OUTPUT_FILE_0}\"\n";
			showEnvVarsInLog = 0;
		};
		18BAE5115D71517AE9104C56 /* [CP] Embed Pods Frameworks */ = {
			isa = PBXShellScriptBuildPhase;
			buildActionMask = 2147483647;
			files = (
			);
			inputFileListPaths = (
			);
			inputPaths = (
				"${PODS_ROOT}/Target Support Files/Pods-AlamofireHTTP Json web api/Pods-AlamofireHTTP Json web api-frameworks.sh",
				"${BUILT_PRODUCTS_DIR}/Alamofire/Alamofire.framework",
				"${BUILT_PRODUCTS_DIR}/SwiftyJSON/SwiftyJSON.framework",
			);
			name = "[CP] Embed Pods Frameworks";
			outputFileListPaths = (
			);
			outputPaths = (
				"${TARGET_BUILD_DIR}/${FRAMEWORKS_FOLDER_PATH}/Alamofire.framework",
				"${TARGET_BUILD_DIR}/${FRAMEWORKS_FOLDER_PATH}/SwiftyJSON.framework",
			);
			runOnlyForDeploymentPostprocessing = 0;
			shellPath = /bin/sh;
			shellScript = "\"${PODS_ROOT}/Target Support Files/Pods-AlamofireHTTP Json web api/Pods-AlamofireHTTP Json web api-frameworks.sh\"\n";
			showEnvVarsInLog = 0;
		};
/* End PBXShellScriptBuildPhase section */

/* Begin PBXSourcesBuildPhase section */
		F5FD375422AE71E70034059F /* Sources */ = {
			isa = PBXSourcesBuildPhase;
			buildActionMask = 2147483647;
			files = (
				F5FD375E22AE71E70034059F /* ViewController.swift in Sources */,
				F5FD375C22AE71E70034059F /* AppDelegate.swift in Sources */,
			);
			runOnlyForDeploymentPostprocessing = 0;
		};
/* End PBXSourcesBuildPhase section */

/* Begin PBXVariantGroup section */
		F5FD375F22AE71E70034059F /* Main.storyboard */ = {
			isa = PBXVariantGroup;
			children = (
				F5FD376022AE71E70034059F /* Base */,
			);
			name = Main.storyboard;
			sourceTree = "<group>";
		};
		F5FD376422AE71E90034059F /* LaunchScreen.storyboard */ = {
			isa = PBXVariantGroup;
			children = (
				F5FD376522AE71E90034059F /* Base */,
			);
			name = LaunchScreen.storyboard;
			sourceTree = "<group>";
		};
/* End PBXVariantGroup section */

/* Begin XCBuildConfiguration section */
		F5FD376822AE71E90034059F /* Debug */ = {
			isa = XCBuildConfiguration;
			buildSettings = {
				ALWAYS_SEARCH_USER_PATHS = NO;
				CLANG_ANALYZER_NONNULL = YES;
				CLANG_ANALYZER_NUMBER_OBJECT_CONVERSION = YES_AGGRESSIVE;
				CLANG_CXX_LANGUAGE_STANDARD = "gnu++14";
				CLANG_CXX_LIBRARY = "libc++";
				CLANG_ENABLE_MODULES = YES;
				CLANG_ENABLE_OBJC_ARC = YES;
				CLANG_ENABLE_OBJC_WEAK = YES;
				CLANG_WARN_BLOCK_CAPTURE_AUTORELEASING = YES;
				CLANG_WARN_BOOL_CONVERSION = YES;
				CLANG_WARN_COMMA = YES;
				CLANG_WARN_CONSTANT_CONVERSION = YES;
				CLANG_WARN_DEPRECATED_OBJC_IMPLEMENTATIONS = YES;
				CLANG_WARN_DIRECT_OBJC_ISA_USAGE = YES_ERROR;
				CLANG_WARN_DOCUMENTATION_COMMENTS = YES;
				CLANG_WARN_EMPTY_BODY = YES;
				CLANG_WARN_ENUM_CONVERSION = YES;
				CLANG_WARN_INFINITE_RECURSION = YES;
				CLANG_WARN_INT_CONVERSION = YES;
				CLANG_WARN_NON_LITERAL_NULL_CONVERSION = YES;
				CLANG_WARN_OBJC_IMPLICIT_RETAIN_SELF = YES;
				CLANG_WARN_OBJC_LITERAL_CONVERSION = YES;
				CLANG_WARN_OBJC_ROOT_CLASS = YES_ERROR;
				CLANG_WARN_RANGE_LOOP_ANALYSIS = YES;
				CLANG_WARN_STRICT_PROTOTYPES = YES;
				CLANG_WARN_SUSPICIOUS_MOVE = YES;
				CLANG_WARN_UNGUARDED_AVAILABILITY = YES_AGGRESSIVE;
				CLANG_WARN_UNREACHABLE_CODE = YES;
				CLANG_WARN__DUPLICATE_METHOD_MATCH = YES;
				CODE_SIGN_IDENTITY = "iPhone Developer";
				COPY_PHASE_STRIP = NO;
				DEBUG_INFORMATION_FORMAT = dwarf;
				ENABLE_STRICT_OBJC_MSGSEND = YES;
				ENABLE_TESTABILITY = YES;
				GCC_C_LANGUAGE_STANDARD = gnu11;
				GCC_DYNAMIC_NO_PIC = NO;
				GCC_NO_COMMON_BLOCKS = YES;
				GCC_OPTIMIZATION_LEVEL = 0;
				GCC_PREPROCESSOR_DEFINITIONS = (
					"DEBUG=1",
					"$(inherited)",
				);
				GCC_WARN_64_TO_32_BIT_CONVERSION = YES;
				GCC_WARN_ABOUT_RETURN_TYPE = YES_ERROR;
				GCC_WARN_UNDECLARED_SELECTOR = YES;
				GCC_WARN_UNINITIALIZED_AUTOS = YES_AGGRESSIVE;
				GCC_WARN_UNUSED_FUNCTION = YES;
				GCC_WARN_UNUSED_VARIABLE = YES;
				IPHONEOS_DEPLOYMENT_TARGET = 12.2;
				MTL_ENABLE_DEBUG_INFO = INCLUDE_SOURCE;
				MTL_FAST_MATH = YES;
				ONLY_ACTIVE_ARCH = YES;
				SDKROOT = iphoneos;
				SWIFT_ACTIVE_COMPILATION_CONDITIONS = DEBUG;
				SWIFT_OPTIMIZATION_LEVEL = "-Onone";
			};
			name = Debug;
		};
		F5FD376922AE71E90034059F /* Release */ = {
			isa = XCBuildConfiguration;
			buildSettings = {
				ALWAYS_SEARCH_USER_PATHS = NO;
				CLANG_ANALYZER_NONNULL = YES;
				CLANG_ANALYZER_NUMBER_OBJECT_CONVERSION = YES_AGGRESSIVE;
				CLANG_CXX_LANGUAGE_STANDARD = "gnu++14";
				CLANG_CXX_LIBRARY = "libc++";
				CLANG_ENABLE_MODULES = YES;
				CLANG_ENABLE_OBJC_ARC = YES;
				CLANG_ENABLE_OBJC_WEAK = YES;
				CLANG_WARN_BLOCK_CAPTURE_AUTORELEASING = YES;
				CLANG_WARN_BOOL_CONVERSION = YES;
				CLANG_WARN_COMMA = YES;
				CLANG_WARN_CONSTANT_CONVERSION = YES;
				CLANG_WARN_DEPRECATED_OBJC_IMPLEMENTATIONS = YES;
				CLANG_WARN_DIRECT_OBJC_ISA_USAGE = YES_ERROR;
				CLANG_WARN_DOCUMENTATION_COMMENTS = YES;
				CLANG_WARN_EMPTY_BODY = YES;
				CLANG_WARN_ENUM_CONVERSION = YES;
				CLANG_WARN_INFINITE_RECURSION = YES;
				CLANG_WARN_INT_CONVERSION = YES;
				CLANG_WARN_NON_LITERAL_NULL_CONVERSION = YES;
				CLANG_WARN_OBJC_IMPLICIT_RETAIN_SELF = YES;
				CLANG_WARN_OBJC_LITERAL_CONVERSION = YES;
				CLANG_WARN_OBJC_ROOT_CLASS = YES_ERROR;
				CLANG_WARN_RANGE_LOOP_ANALYSIS = YES;
				CLANG_WARN_STRICT_PROTOTYPES = YES;
				CLANG_WARN_SUSPICIOUS_MOVE = YES;
				CLANG_WARN_UNGUARDED_AVAILABILITY = YES_AGGRESSIVE;
				CLANG_WARN_UNREACHABLE_CODE = YES;
				CLANG_WARN__DUPLICATE_METHOD_MATCH = YES;
				CODE_SIGN_IDENTITY = "iPhone Developer";
				COPY_PHASE_STRIP = NO;
				DEBUG_INFORMATION_FORMAT = "dwarf-with-dsym";
				ENABLE_NS_ASSERTIONS = NO;
				ENABLE_STRICT_OBJC_MSGSEND = YES;
				GCC_C_LANGUAGE_STANDARD = gnu11;
				GCC_NO_COMMON_BLOCKS = YES;
				GCC_WARN_64_TO_32_BIT_CONVERSION = YES;
				GCC_WARN_ABOUT_RETURN_TYPE = YES_ERROR;
				GCC_WARN_UNDECLARED_SELECTOR = YES;
				GCC_WARN_UNINITIALIZED_AUTOS = YES_AGGRESSIVE;
				GCC_WARN_UNUSED_FUNCTION = YES;
				GCC_WARN_UNUSED_VARIABLE = YES;
				IPHONEOS_DEPLOYMENT_TARGET = 12.2;
				MTL_ENABLE_DEBUG_INFO = NO;
				MTL_FAST_MATH = YES;
				SDKROOT = iphoneos;
				SWIFT_COMPILATION_MODE = wholemodule;
				SWIFT_OPTIMIZATION_LEVEL = "-O";
				VALIDATE_PRODUCT = YES;
			};
			name = Release;
		};
		F5FD376B22AE71E90034059F /* Debug */ = {
			isa = XCBuildConfiguration;
			baseConfigurationReference = FD8A00CD6A50A8CD92CDC019 /* Pods-AlamofireHTTP Json web api.debug.xcconfig */;
			buildSettings = {
				ASSETCATALOG_COMPILER_APPICON_NAME = AppIcon;
				CODE_SIGN_STYLE = Automatic;
				INFOPLIST_FILE = "AlamofireHTTP Json web api/Info.plist";
				LD_RUNPATH_SEARCH_PATHS = (
					"$(inherited)",
					"@executable_path/Frameworks",
				);
				PRODUCT_BUNDLE_IDENTIFIER = "com.nguyentran.AlamofireHTTP-Json-web-api";
				PRODUCT_NAME = "$(TARGET_NAME)";
				SWIFT_VERSION = 5.0;
				TARGETED_DEVICE_FAMILY = "1,2";
			};
			name = Debug;
		};
		F5FD376C22AE71E90034059F /* Release */ = {
			isa = XCBuildConfiguration;
			baseConfigurationReference = 1D76097A706BD19BC91A790D /* Pods-AlamofireHTTP Json web api.release.xcconfig */;
			buildSettings = {
				ASSETCATALOG_COMPILER_APPICON_NAME = AppIcon;
				CODE_SIGN_STYLE = Automatic;
				INFOPLIST_FILE = "AlamofireHTTP Json web api/Info.plist";
				LD_RUNPATH_SEARCH_PATHS = (
					"$(inherited)",
					"@executable_path/Frameworks",
				);
				PRODUCT_BUNDLE_IDENTIFIER = "com.nguyentran.AlamofireHTTP-Json-web-api";
				PRODUCT_NAME = "$(TARGET_NAME)";
				SWIFT_VERSION = 5.0;
				TARGETED_DEVICE_FAMILY = "1,2";
			};
			name = Release;
		};
/* End XCBuildConfiguration section */

/* Begin XCConfigurationList section */
		F5FD375322AE71E70034059F /* Build configuration list for PBXProject "AlamofireHTTP Json web api" */ = {
			isa = XCConfigurationList;
			buildConfigurations = (
				F5FD376822AE71E90034059F /* Debug */,
				F5FD376922AE71E90034059F /* Release */,
			);
			defaultConfigurationIsVisible = 0;
			defaultConfigurationName = Release;
		};
		F5FD376A22AE71E90034059F /* Build configuration list for PBXNativeTarget "AlamofireHTTP Json web api" */ = {
			isa = XCConfigurationList;
			buildConfigurations = (
				F5FD376B22AE71E90034059F /* Debug */,
				F5FD376C22AE71E90034059F /* Release */,
			);
			defaultConfigurationIsVisible = 0;
			defaultConfigurationName = Release;
		};
/* End XCConfigurationList section */
	};
	rootObject = F5FD375022AE71E70034059F /* Project object */;
}
