// !$*UTF8*$!
{
	archiveVersion = 1;
	classes = {
	};
	objectVersion = 50;
	objects = {

/* Begin PBXBuildFile section */
		F511CDCF2275BEBD00E120BE /* AppDelegate.swift in Sources */ = {isa = PBXBuildFile; fileRef = F511CDCE2275BEBD00E120BE /* AppDelegate.swift */; };
		F511CDD12275BEBD00E120BE /* ViewController.swift in Sources */ = {isa = PBXBuildFile; fileRef = F511CDD02275BEBD00E120BE /* ViewController.swift */; };
		F511CDD42275BEBD00E120BE /* Main.storyboard in Resources */ = {isa = PBXBuildFile; fileRef = F511CDD22275BEBD00E120BE /* Main.storyboard */; };
		F511CDD62275BEBD00E120BE /* Assets.xcassets in Resources */ = {isa = PBXBuildFile; fileRef = F511CDD52275BEBD00E120BE /* Assets.xcassets */; };
		F511CDD92275BEBD00E120BE /* LaunchScreen.storyboard in Resources */ = {isa = PBXBuildFile; fileRef = F511CDD72275BEBD00E120BE /* LaunchScreen.storyboard */; };
		F511CDE12275BF5C00E120BE /* QuestionModel.swift in Sources */ = {isa = PBXBuildFile; fileRef = F511CDE02275BF5C00E120BE /* QuestionModel.swift */; };
		F511CDE52275C42900E120BE /* QuizViewController.swift in Sources */ = {isa = PBXBuildFile; fileRef = F511CDE42275C42900E120BE /* QuizViewController.swift */; };
		F511CDE72275EB2200E120BE /* PopupViewController.swift in Sources */ = {isa = PBXBuildFile; fileRef = F511CDE62275EB2200E120BE /* PopupViewController.swift */; };
		F511CDE92275EEB500E120BE /* DataService.swift in Sources */ = {isa = PBXBuildFile; fileRef = F511CDE82275EEB500E120BE /* DataService.swift */; };
		F511CDEB22762A4100E120BE /* StudySwiftViewController.swift in Sources */ = {isa = PBXBuildFile; fileRef = F511CDEA22762A4100E120BE /* StudySwiftViewController.swift */; };
		F511CDEF22763CA300E120BE /* TutorialModel.swift in Sources */ = {isa = PBXBuildFile; fileRef = F511CDEE22763CA300E120BE /* TutorialModel.swift */; };
/* End PBXBuildFile section */

/* Begin PBXFileReference section */
		F511CDCB2275BEBD00E120BE /* SwiftQuiz.app */ = {isa = PBXFileReference; explicitFileType = wrapper.application; includeInIndex = 0; path = SwiftQuiz.app; sourceTree = BUILT_PRODUCTS_DIR; };
		F511CDCE2275BEBD00E120BE /* AppDelegate.swift */ = {isa = PBXFileReference; lastKnownFileType = sourcecode.swift; path = AppDelegate.swift; sourceTree = "<group>"; };
		F511CDD02275BEBD00E120BE /* ViewController.swift */ = {isa = PBXFileReference; lastKnownFileType = sourcecode.swift; path = ViewController.swift; sourceTree = "<group>"; };
		F511CDD32275BEBD00E120BE /* Base */ = {isa = PBXFileReference; lastKnownFileType = file.storyboard; name = Base; path = Base.lproj/Main.storyboard; sourceTree = "<group>"; };
		F511CDD52275BEBD00E120BE /* Assets.xcassets */ = {isa = PBXFileReference; lastKnownFileType = folder.assetcatalog; path = Assets.xcassets; sourceTree = "<group>"; };
		F511CDD82275BEBD00E120BE /* Base */ = {isa = PBXFileReference; lastKnownFileType = file.storyboard; name = Base; path = Base.lproj/LaunchScreen.storyboard; sourceTree = "<group>"; };
		F511CDDA2275BEBD00E120BE /* Info.plist */ = {isa = PBXFileReference; lastKnownFileType = text.plist.xml; path = Info.plist; sourceTree = "<group>"; };
		F511CDE02275BF5C00E120BE /* QuestionModel.swift */ = {isa = PBXFileReference; lastKnownFileType = sourcecode.swift; path = QuestionModel.swift; sourceTree = "<group>"; };
		F511CDE42275C42900E120BE /* QuizViewController.swift */ = {isa = PBXFileReference; lastKnownFileType = sourcecode.swift; path = QuizViewController.swift; sourceTree = "<group>"; };
		F511CDE62275EB2200E120BE /* PopupViewController.swift */ = {isa = PBXFileReference; lastKnownFileType = sourcecode.swift; path = PopupViewController.swift; sourceTree = "<group>"; };
		F511CDE82275EEB500E120BE /* DataService.swift */ = {isa = PBXFileReference; lastKnownFileType = sourcecode.swift; path = DataService.swift; sourceTree = "<group>"; };
		F511CDEA22762A4100E120BE /* StudySwiftViewController.swift */ = {isa = PBXFileReference; lastKnownFileType = sourcecode.swift; path = StudySwiftViewController.swift; sourceTree = "<group>"; };
		F511CDEE22763CA300E120BE /* TutorialModel.swift */ = {isa = PBXFileReference; lastKnownFileType = sourcecode.swift; path = TutorialModel.swift; sourceTree = "<group>"; };
/* End PBXFileReference section */

/* Begin PBXFrameworksBuildPhase section */
		F511CDC82275BEBD00E120BE /* Frameworks */ = {
			isa = PBXFrameworksBuildPhase;
			buildActionMask = 2147483647;
			files = (
			);
			runOnlyForDeploymentPostprocessing = 0;
		};
/* End PBXFrameworksBuildPhase section */

/* Begin PBXGroup section */
		F511CDC22275BEBD00E120BE = {
			isa = PBXGroup;
			children = (
				F511CDCD2275BEBD00E120BE /* SwiftQuiz */,
				F511CDCC2275BEBD00E120BE /* Products */,
			);
			sourceTree = "<group>";
		};
		F511CDCC2275BEBD00E120BE /* Products */ = {
			isa = PBXGroup;
			children = (
				F511CDCB2275BEBD00E120BE /* SwiftQuiz.app */,
			);
			name = Products;
			sourceTree = "<group>";
		};
		F511CDCD2275BEBD00E120BE /* SwiftQuiz */ = {
			isa = PBXGroup;
			children = (
				F511CDE32275C40000E120BE /* ViewController */,
				F511CDE22275BF6100E120BE /* Model */,
				F511CDCE2275BEBD00E120BE /* AppDelegate.swift */,
				F511CDD02275BEBD00E120BE /* ViewController.swift */,
				F511CDD22275BEBD00E120BE /* Main.storyboard */,
				F511CDD52275BEBD00E120BE /* Assets.xcassets */,
				F511CDD72275BEBD00E120BE /* LaunchScreen.storyboard */,
				F511CDDA2275BEBD00E120BE /* Info.plist */,
			);
			path = SwiftQuiz;
			sourceTree = "<group>";
		};
		F511CDE22275BF6100E120BE /* Model */ = {
			isa = PBXGroup;
			children = (
				F511CDEE22763CA300E120BE /* TutorialModel.swift */,
				F511CDE02275BF5C00E120BE /* QuestionModel.swift */,
				F511CDE82275EEB500E120BE /* DataService.swift */,
			);
			path = Model;
			sourceTree = "<group>";
		};
		F511CDE32275C40000E120BE /* ViewController */ = {
			isa = PBXGroup;
			children = (
				F511CDE42275C42900E120BE /* QuizViewController.swift */,
				F511CDE62275EB2200E120BE /* PopupViewController.swift */,
				F511CDEA22762A4100E120BE /* StudySwiftViewController.swift */,
			);
			path = ViewController;
			sourceTree = "<group>";
		};
/* End PBXGroup section */

/* Begin PBXNativeTarget section */
		F511CDCA2275BEBD00E120BE /* SwiftQuiz */ = {
			isa = PBXNativeTarget;
			buildConfigurationList = F511CDDD2275BEBD00E120BE /* Build configuration list for PBXNativeTarget "SwiftQuiz" */;
			buildPhases = (
				F511CDC72275BEBD00E120BE /* Sources */,
				F511CDC82275BEBD00E120BE /* Frameworks */,
				F511CDC92275BEBD00E120BE /* Resources */,
			);
			buildRules = (
			);
			dependencies = (
			);
			name = SwiftQuiz;
			productName = SwiftQuiz;
			productReference = F511CDCB2275BEBD00E120BE /* SwiftQuiz.app */;
			productType = "com.apple.product-type.application";
		};
/* End PBXNativeTarget section */

/* Begin PBXProject section */
		F511CDC32275BEBD00E120BE /* Project object */ = {
			isa = PBXProject;
			attributes = {
				LastSwiftUpdateCheck = 1020;
				LastUpgradeCheck = 1020;
				ORGANIZATIONNAME = nguyentran;
				TargetAttributes = {
					F511CDCA2275BEBD00E120BE = {
						CreatedOnToolsVersion = 10.2.1;
					};
				};
			};
			buildConfigurationList = F511CDC62275BEBD00E120BE /* Build configuration list for PBXProject "SwiftQuiz" */;
			compatibilityVersion = "Xcode 9.3";
			developmentRegion = en;
			hasScannedForEncodings = 0;
			knownRegions = (
				en,
				Base,
			);
			mainGroup = F511CDC22275BEBD00E120BE;
			productRefGroup = F511CDCC2275BEBD00E120BE /* Products */;
			projectDirPath = "";
			projectRoot = "";
			targets = (
				F511CDCA2275BEBD00E120BE /* SwiftQuiz */,
			);
		};
/* End PBXProject section */

/* Begin PBXResourcesBuildPhase section */
		F511CDC92275BEBD00E120BE /* Resources */ = {
			isa = PBXResourcesBuildPhase;
			buildActionMask = 2147483647;
			files = (
				F511CDD92275BEBD00E120BE /* LaunchScreen.storyboard in Resources */,
				F511CDD62275BEBD00E120BE /* Assets.xcassets in Resources */,
				F511CDD42275BEBD00E120BE /* Main.storyboard in Resources */,
			);
			runOnlyForDeploymentPostprocessing = 0;
		};
/* End PBXResourcesBuildPhase section */

/* Begin PBXSourcesBuildPhase section */
		F511CDC72275BEBD00E120BE /* Sources */ = {
			isa = PBXSourcesBuildPhase;
			buildActionMask = 2147483647;
			files = (
				F511CDE72275EB2200E120BE /* PopupViewController.swift in Sources */,
				F511CDEB22762A4100E120BE /* StudySwiftViewController.swift in Sources */,
				F511CDE92275EEB500E120BE /* DataService.swift in Sources */,
				F511CDE12275BF5C00E120BE /* QuestionModel.swift in Sources */,
				F511CDD12275BEBD00E120BE /* ViewController.swift in Sources */,
				F511CDEF22763CA300E120BE /* TutorialModel.swift in Sources */,
				F511CDCF2275BEBD00E120BE /* AppDelegate.swift in Sources */,
				F511CDE52275C42900E120BE /* QuizViewController.swift in Sources */,
			);
			runOnlyForDeploymentPostprocessing = 0;
		};
/* End PBXSourcesBuildPhase section */

/* Begin PBXVariantGroup section */
		F511CDD22275BEBD00E120BE /* Main.storyboard */ = {
			isa = PBXVariantGroup;
			children = (
				F511CDD32275BEBD00E120BE /* Base */,
			);
			name = Main.storyboard;
			sourceTree = "<group>";
		};
		F511CDD72275BEBD00E120BE /* LaunchScreen.storyboard */ = {
			isa = PBXVariantGroup;
			children = (
				F511CDD82275BEBD00E120BE /* Base */,
			);
			name = LaunchScreen.storyboard;
			sourceTree = "<group>";
		};
/* End PBXVariantGroup section */

/* Begin XCBuildConfiguration section */
		F511CDDB2275BEBD00E120BE /* Debug */ = {
			isa = XCBuildConfiguration;
			buildSettings = {
				ALWAYS_SEARCH_USER_PATHS = NO;
				CLANG_ANALYZER_NONNULL = YES;
				CLANG_ANALYZER_NUMBER_OBJECT_CONVERSION = YES_AGGRESSIVE;
				CLANG_CXX_LANGUAGE_STANDARD = "gnu++14";
				CLANG_CXX_LIBRARY = "libc++";
				CLANG_ENABLE_MODULES = YES;
				CLANG_ENABLE_OBJC_ARC = YES;
				CLANG_ENABLE_OBJC_WEAK = YES;
				CLANG_WARN_BLOCK_CAPTURE_AUTORELEASING = YES;
				CLANG_WARN_BOOL_CONVERSION = YES;
				CLANG_WARN_COMMA = YES;
				CLANG_WARN_CONSTANT_CONVERSION = YES;
				CLANG_WARN_DEPRECATED_OBJC_IMPLEMENTATIONS = YES;
				CLANG_WARN_DIRECT_OBJC_ISA_USAGE = YES_ERROR;
				CLANG_WARN_DOCUMENTATION_COMMENTS = YES;
				CLANG_WARN_EMPTY_BODY = YES;
				CLANG_WARN_ENUM_CONVERSION = YES;
				CLANG_WARN_INFINITE_RECURSION = YES;
				CLANG_WARN_INT_CONVERSION = YES;
				CLANG_WARN_NON_LITERAL_NULL_CONVERSION = YES;
				CLANG_WARN_OBJC_IMPLICIT_RETAIN_SELF = YES;
				CLANG_WARN_OBJC_LITERAL_CONVERSION = YES;
				CLANG_WARN_OBJC_ROOT_CLASS = YES_ERROR;
				CLANG_WARN_RANGE_LOOP_ANALYSIS = YES;
				CLANG_WARN_STRICT_PROTOTYPES = YES;
				CLANG_WARN_SUSPICIOUS_MOVE = YES;
				CLANG_WARN_UNGUARDED_AVAILABILITY = YES_AGGRESSIVE;
				CLANG_WARN_UNREACHABLE_CODE = YES;
				CLANG_WARN__DUPLICATE_METHOD_MATCH = YES;
				CODE_SIGN_IDENTITY = "iPhone Developer";
				COPY_PHASE_STRIP = NO;
				DEBUG_INFORMATION_FORMAT = dwarf;
				ENABLE_STRICT_OBJC_MSGSEND = YES;
				ENABLE_TESTABILITY = YES;
				GCC_C_LANGUAGE_STANDARD = gnu11;
				GCC_DYNAMIC_NO_PIC = NO;
				GCC_NO_COMMON_BLOCKS = YES;
				GCC_OPTIMIZATION_LEVEL = 0;
				GCC_PREPROCESSOR_DEFINITIONS = (
					"DEBUG=1",
					"$(inherited)",
				);
				GCC_WARN_64_TO_32_BIT_CONVERSION = YES;
				GCC_WARN_ABOUT_RETURN_TYPE = YES_ERROR;
				GCC_WARN_UNDECLARED_SELECTOR = YES;
				GCC_WARN_UNINITIALIZED_AUTOS = YES_AGGRESSIVE;
				GCC_WARN_UNUSED_FUNCTION = YES;
				GCC_WARN_UNUSED_VARIABLE = YES;
				IPHONEOS_DEPLOYMENT_TARGET = 12.2;
				MTL_ENABLE_DEBUG_INFO = INCLUDE_SOURCE;
				MTL_FAST_MATH = YES;
				ONLY_ACTIVE_ARCH = YES;
				SDKROOT = iphoneos;
				SWIFT_ACTIVE_COMPILATION_CONDITIONS = DEBUG;
				SWIFT_OPTIMIZATION_LEVEL = "-Onone";
			};
			name = Debug;
		};
		F511CDDC2275BEBD00E120BE /* Release */ = {
			isa = XCBuildConfiguration;
			buildSettings = {
				ALWAYS_SEARCH_USER_PATHS = NO;
				CLANG_ANALYZER_NONNULL = YES;
				CLANG_ANALYZER_NUMBER_OBJECT_CONVERSION = YES_AGGRESSIVE;
				CLANG_CXX_LANGUAGE_STANDARD = "gnu++14";
				CLANG_CXX_LIBRARY = "libc++";
				CLANG_ENABLE_MODULES = YES;
				CLANG_ENABLE_OBJC_ARC = YES;
				CLANG_ENABLE_OBJC_WEAK = YES;
				CLANG_WARN_BLOCK_CAPTURE_AUTORELEASING = YES;
				CLANG_WARN_BOOL_CONVERSION = YES;
				CLANG_WARN_COMMA = YES;
				CLANG_WARN_CONSTANT_CONVERSION = YES;
				CLANG_WARN_DEPRECATED_OBJC_IMPLEMENTATIONS = YES;
				CLANG_WARN_DIRECT_OBJC_ISA_USAGE = YES_ERROR;
				CLANG_WARN_DOCUMENTATION_COMMENTS = YES;
				CLANG_WARN_EMPTY_BODY = YES;
				CLANG_WARN_ENUM_CONVERSION = YES;
				CLANG_WARN_INFINITE_RECURSION = YES;
				CLANG_WARN_INT_CONVERSION = YES;
				CLANG_WARN_NON_LITERAL_NULL_CONVERSION = YES;
				CLANG_WARN_OBJC_IMPLICIT_RETAIN_SELF = YES;
				CLANG_WARN_OBJC_LITERAL_CONVERSION = YES;
				CLANG_WARN_OBJC_ROOT_CLASS = YES_ERROR;
				CLANG_WARN_RANGE_LOOP_ANALYSIS = YES;
				CLANG_WARN_STRICT_PROTOTYPES = YES;
				CLANG_WARN_SUSPICIOUS_MOVE = YES;
				CLANG_WARN_UNGUARDED_AVAILABILITY = YES_AGGRESSIVE;
				CLANG_WARN_UNREACHABLE_CODE = YES;
				CLANG_WARN__DUPLICATE_METHOD_MATCH = YES;
				CODE_SIGN_IDENTITY = "iPhone Developer";
				COPY_PHASE_STRIP = NO;
				DEBUG_INFORMATION_FORMAT = "dwarf-with-dsym";
				ENABLE_NS_ASSERTIONS = NO;
				ENABLE_STRICT_OBJC_MSGSEND = YES;
				GCC_C_LANGUAGE_STANDARD = gnu11;
				GCC_NO_COMMON_BLOCKS = YES;
				GCC_WARN_64_TO_32_BIT_CONVERSION = YES;
				GCC_WARN_ABOUT_RETURN_TYPE = YES_ERROR;
				GCC_WARN_UNDECLARED_SELECTOR = YES;
				GCC_WARN_UNINITIALIZED_AUTOS = YES_AGGRESSIVE;
				GCC_WARN_UNUSED_FUNCTION = YES;
				GCC_WARN_UNUSED_VARIABLE = YES;
				IPHONEOS_DEPLOYMENT_TARGET = 12.2;
				MTL_ENABLE_DEBUG_INFO = NO;
				MTL_FAST_MATH = YES;
				SDKROOT = iphoneos;
				SWIFT_COMPILATION_MODE = wholemodule;
				SWIFT_OPTIMIZATION_LEVEL = "-O";
				VALIDATE_PRODUCT = YES;
			};
			name = Release;
		};
		F511CDDE2275BEBD00E120BE /* Debug */ = {
			isa = XCBuildConfiguration;
			buildSettings = {
				ASSETCATALOG_COMPILER_APPICON_NAME = AppIcon;
				CODE_SIGN_STYLE = Automatic;
				DEVELOPMENT_TEAM = 44QZYM48R7;
				INFOPLIST_FILE = SwiftQuiz/Info.plist;
				IPHONEOS_DEPLOYMENT_TARGET = 10.0;
				LD_RUNPATH_SEARCH_PATHS = (
					"$(inherited)",
					"@executable_path/Frameworks",
				);
				PRODUCT_BUNDLE_IDENTIFIER = nguyentran.SwiftQuiz;
				PRODUCT_NAME = "$(TARGET_NAME)";
				SWIFT_VERSION = 5.0;
				TARGETED_DEVICE_FAMILY = "1,2";
			};
			name = Debug;
		};
		F511CDDF2275BEBD00E120BE /* Release */ = {
			isa = XCBuildConfiguration;
			buildSettings = {
				ASSETCATALOG_COMPILER_APPICON_NAME = AppIcon;
				CODE_SIGN_STYLE = Automatic;
				DEVELOPMENT_TEAM = 44QZYM48R7;
				INFOPLIST_FILE = SwiftQuiz/Info.plist;
				IPHONEOS_DEPLOYMENT_TARGET = 10.0;
				LD_RUNPATH_SEARCH_PATHS = (
					"$(inherited)",
					"@executable_path/Frameworks",
				);
				PRODUCT_BUNDLE_IDENTIFIER = nguyentran.SwiftQuiz;
				PRODUCT_NAME = "$(TARGET_NAME)";
				SWIFT_VERSION = 5.0;
				TARGETED_DEVICE_FAMILY = "1,2";
			};
			name = Release;
		};
/* End XCBuildConfiguration section */

/* Begin XCConfigurationList section */
		F511CDC62275BEBD00E120BE /* Build configuration list for PBXProject "SwiftQuiz" */ = {
			isa = XCConfigurationList;
			buildConfigurations = (
				F511CDDB2275BEBD00E120BE /* Debug */,
				F511CDDC2275BEBD00E120BE /* Release */,
			);
			defaultConfigurationIsVisible = 0;
			defaultConfigurationName = Release;
		};
		F511CDDD2275BEBD00E120BE /* Build configuration list for PBXNativeTarget "SwiftQuiz" */ = {
			isa = XCConfigurationList;
			buildConfigurations = (
				F511CDDE2275BEBD00E120BE /* Debug */,
				F511CDDF2275BEBD00E120BE /* Release */,
			);
			defaultConfigurationIsVisible = 0;
			defaultConfigurationName = Release;
		};
/* End XCConfigurationList section */
	};
	rootObject = F511CDC32275BEBD00E120BE /* Project object */;
}
